
Microsoft Visual Studio Solution File, Format Version 12.00
# Visual Studio Version 16
VisualStudioVersion = 16.0.29411.108
MinimumVisualStudioVersion = 10.0.40219.1
Project("{FAE04EC0-301F-11D3-BF4B-00C04F79EFBC}") = "ArrayHomeSales", "ArrayHomeSales\ArrayHomeSales.csproj", "{6274CE28-38B7-4A08-A48D-080CC8F29213}"
EndProject
Global
	GlobalSection(SolutionConfigurationPlatforms) = preSolution
		Debug|Any CPU = Debug|Any CPU
		Release|Any CPU = Release|Any CPU
	EndGlobalSection
	GlobalSection(ProjectConfigurationPlatforms) = postSolution
		{6274CE28-38B7-4A08-A48D-080CC8F29213}.Debug|Any CPU.ActiveCfg = Debug|Any CPU
		{6274CE28-38B7-4A08-A48D-080CC8F29213}.Debug|Any CPU.Build.0 = Debug|Any CPU
		{6274CE28-38B7-4A08-A48D-080CC8F29213}.Release|Any CPU.ActiveCfg = Release|Any CPU
		{6274CE28-38B7-4A08-A48D-080CC8F29213}.Release|Any CPU.Build.0 = Release|Any CPU
	EndGlobalSection
	GlobalSection(SolutionProperties) = preSolution
		HideSolutionNode = FALSE
	EndGlobalSection
	GlobalSection(ExtensibilityGlobals) = postSolution
		SolutionGuid = {E2BD3AFA-3FDA-4184-90BB-774812913313}
	EndGlobalSection
EndGlobal
